
Microsoft Visual Studio Solution File, Format Version 12.00
# Visual Studio 15
VisualStudioVersion = 15.0.27004.2006
MinimumVisualStudioVersion = 10.0.40219.1
Project("{FAE04EC0-301F-11D3-BF4B-00C04F79EFBC}") = "Forum", "00.Demo\Forum.csproj", "{D06288A1-A2D4-47C4-B0A0-4C1D91F76BE6}"
EndProject
Global
	GlobalSection(SolutionConfigurationPlatforms) = preSolution
		Debug|Any CPU = Debug|Any CPU
		Release|Any CPU = Release|Any CPU
	EndGlobalSection
	GlobalSection(ProjectConfigurationPlatforms) = postSolution
		{D06288A1-A2D4-47C4-B0A0-4C1D91F76BE6}.Debug|Any CPU.ActiveCfg = Debug|Any CPU
		{D06288A1-A2D4-47C4-B0A0-4C1D91F76BE6}.Debug|Any CPU.Build.0 = Debug|Any CPU
		{D06288A1-A2D4-47C4-B0A0-4C1D91F76BE6}.Release|Any CPU.ActiveCfg = Release|Any CPU
		{D06288A1-A2D4-47C4-B0A0-4C1D91F76BE6}.Release|Any CPU.Build.0 = Release|Any CPU
	EndGlobalSection
	GlobalSection(SolutionProperties) = preSolution
		HideSolutionNode = FALSE
	EndGlobalSection
	GlobalSection(ExtensibilityGlobals) = postSolution
		SolutionGuid = {6259486F-2A51-461E-8EA0-BA4BF5100156}
	EndGlobalSection
EndGlobal
