
Microsoft Visual Studio Solution File, Format Version 12.00
# Visual Studio 15
VisualStudioVersion = 15.0.27004.2006
MinimumVisualStudioVersion = 10.0.40219.1
Project("{9A19103F-16F7-4668-BE54-9A1E7A4F7556}") = "Forum", "00.Demo\Forum.csproj", "{D06288A1-A2D4-47C4-B0A0-4C1D91F76BE6}"
EndProject
Project("{FAE04EC0-301F-11D3-BF4B-00C04F79EFBC}") = "P01_HospitalDatabase", "P01_HospitalDatabase\P01_HospitalDatabase.csproj", "{FE391701-5764-4CD6-9092-01EE3FEEF6F4}"
EndProject
Project("{FAE04EC0-301F-11D3-BF4B-00C04F79EFBC}") = "HospitalStartUp", "HospitalStartUp\HospitalStartUp.csproj", "{9DDAB25E-6684-487D-88B2-619794D58F9F}"
EndProject
Project("{9A19103F-16F7-4668-BE54-9A1E7A4F7556}") = "HospitalDatabaseInitializer", "HospitalDatabaseInitializer\HospitalDatabaseInitializer.csproj", "{5C3BE090-5F7C-4363-92E8-AFD3C8DF2A99}"
EndProject
Global
	GlobalSection(SolutionConfigurationPlatforms) = preSolution
		Debug|Any CPU = Debug|Any CPU
		Release|Any CPU = Release|Any CPU
	EndGlobalSection
	GlobalSection(ProjectConfigurationPlatforms) = postSolution
		{D06288A1-A2D4-47C4-B0A0-4C1D91F76BE6}.Debug|Any CPU.ActiveCfg = Debug|Any CPU
		{D06288A1-A2D4-47C4-B0A0-4C1D91F76BE6}.Debug|Any CPU.Build.0 = Debug|Any CPU
		{D06288A1-A2D4-47C4-B0A0-4C1D91F76BE6}.Release|Any CPU.ActiveCfg = Release|Any CPU
		{D06288A1-A2D4-47C4-B0A0-4C1D91F76BE6}.Release|Any CPU.Build.0 = Release|Any CPU
		{FE391701-5764-4CD6-9092-01EE3FEEF6F4}.Debug|Any CPU.ActiveCfg = Debug|Any CPU
		{FE391701-5764-4CD6-9092-01EE3FEEF6F4}.Debug|Any CPU.Build.0 = Debug|Any CPU
		{FE391701-5764-4CD6-9092-01EE3FEEF6F4}.Release|Any CPU.ActiveCfg = Release|Any CPU
		{FE391701-5764-4CD6-9092-01EE3FEEF6F4}.Release|Any CPU.Build.0 = Release|Any CPU
		{9DDAB25E-6684-487D-88B2-619794D58F9F}.Debug|Any CPU.ActiveCfg = Debug|Any CPU
		{9DDAB25E-6684-487D-88B2-619794D58F9F}.Debug|Any CPU.Build.0 = Debug|Any CPU
		{9DDAB25E-6684-487D-88B2-619794D58F9F}.Release|Any CPU.ActiveCfg = Release|Any CPU
		{9DDAB25E-6684-487D-88B2-619794D58F9F}.Release|Any CPU.Build.0 = Release|Any CPU
		{5C3BE090-5F7C-4363-92E8-AFD3C8DF2A99}.Debug|Any CPU.ActiveCfg = Debug|Any CPU
		{5C3BE090-5F7C-4363-92E8-AFD3C8DF2A99}.Debug|Any CPU.Build.0 = Debug|Any CPU
		{5C3BE090-5F7C-4363-92E8-AFD3C8DF2A99}.Release|Any CPU.ActiveCfg = Release|Any CPU
		{5C3BE090-5F7C-4363-92E8-AFD3C8DF2A99}.Release|Any CPU.Build.0 = Release|Any CPU
	EndGlobalSection
	GlobalSection(SolutionProperties) = preSolution
		HideSolutionNode = FALSE
	EndGlobalSection
	GlobalSection(ExtensibilityGlobals) = postSolution
		SolutionGuid = {6259486F-2A51-461E-8EA0-BA4BF5100156}
	EndGlobalSection
EndGlobal
