
Microsoft Visual Studio Solution File, Format Version 12.00
# Visual Studio 15
VisualStudioVersion = 15.0.27004.2006
MinimumVisualStudioVersion = 10.0.40219.1
Project("{9A19103F-16F7-4668-BE54-9A1E7A4F7556}") = "ProductsShop.App", "ProductShop.App\ProductsShop.App.csproj", "{950350EF-9BB0-4441-B77F-2E404EBECC36}"
EndProject
Project("{9A19103F-16F7-4668-BE54-9A1E7A4F7556}") = "ProductsShop.Data", "ProductShop.Data\ProductsShop.Data.csproj", "{76BBF7A9-8B12-4388-AA8A-06C7C031D028}"
EndProject
Project("{FAE04EC0-301F-11D3-BF4B-00C04F79EFBC}") = "ProductsShop.Models", "ProductsShop.Models\ProductsShop.Models.csproj", "{F5B868D4-9A4A-4BE9-AD2E-D81CFD6F5295}"
EndProject
Global
	GlobalSection(SolutionConfigurationPlatforms) = preSolution
		Debug|Any CPU = Debug|Any CPU
		Release|Any CPU = Release|Any CPU
	EndGlobalSection
	GlobalSection(ProjectConfigurationPlatforms) = postSolution
		{950350EF-9BB0-4441-B77F-2E404EBECC36}.Debug|Any CPU.ActiveCfg = Debug|Any CPU
		{950350EF-9BB0-4441-B77F-2E404EBECC36}.Debug|Any CPU.Build.0 = Debug|Any CPU
		{950350EF-9BB0-4441-B77F-2E404EBECC36}.Release|Any CPU.ActiveCfg = Release|Any CPU
		{950350EF-9BB0-4441-B77F-2E404EBECC36}.Release|Any CPU.Build.0 = Release|Any CPU
		{76BBF7A9-8B12-4388-AA8A-06C7C031D028}.Debug|Any CPU.ActiveCfg = Debug|Any CPU
		{76BBF7A9-8B12-4388-AA8A-06C7C031D028}.Debug|Any CPU.Build.0 = Debug|Any CPU
		{76BBF7A9-8B12-4388-AA8A-06C7C031D028}.Release|Any CPU.ActiveCfg = Release|Any CPU
		{76BBF7A9-8B12-4388-AA8A-06C7C031D028}.Release|Any CPU.Build.0 = Release|Any CPU
		{F5B868D4-9A4A-4BE9-AD2E-D81CFD6F5295}.Debug|Any CPU.ActiveCfg = Debug|Any CPU
		{F5B868D4-9A4A-4BE9-AD2E-D81CFD6F5295}.Debug|Any CPU.Build.0 = Debug|Any CPU
		{F5B868D4-9A4A-4BE9-AD2E-D81CFD6F5295}.Release|Any CPU.ActiveCfg = Release|Any CPU
		{F5B868D4-9A4A-4BE9-AD2E-D81CFD6F5295}.Release|Any CPU.Build.0 = Release|Any CPU
	EndGlobalSection
	GlobalSection(SolutionProperties) = preSolution
		HideSolutionNode = FALSE
	EndGlobalSection
	GlobalSection(ExtensibilityGlobals) = postSolution
		SolutionGuid = {D814833B-3614-49B3-81B5-CDA773C33C42}
	EndGlobalSection
EndGlobal
