
Microsoft Visual Studio Solution File, Format Version 12.00
# Visual Studio 15
VisualStudioVersion = 15.0.26430.16
MinimumVisualStudioVersion = 10.0.40219.1
Project("{9A19103F-16F7-4668-BE54-9A1E7A4F7556}") = "DBAppsDemo", "DBAppsDemo\DBAppsDemo.csproj", "{FC16D45F-A9DB-42B8-843B-D0E38C26A592}"
EndProject
Project("{FAE04EC0-301F-11D3-BF4B-00C04F79EFBC}") = "ReaderDemo", "ReaderDemo\ReaderDemo.csproj", "{6C035B8B-8A70-499F-81A7-626A86BE986A}"
EndProject
Project("{FAE04EC0-301F-11D3-BF4B-00C04F79EFBC}") = "SQLInjectionAndParameters", "SQLInjectionAndParameters\SQLInjectionAndParameters.csproj", "{45EC04A6-952C-4D88-B9B3-7CDF12E84136}"
EndProject
Global
	GlobalSection(SolutionConfigurationPlatforms) = preSolution
		Debug|Any CPU = Debug|Any CPU
		Release|Any CPU = Release|Any CPU
	EndGlobalSection
	GlobalSection(ProjectConfigurationPlatforms) = postSolution
		{FC16D45F-A9DB-42B8-843B-D0E38C26A592}.Debug|Any CPU.ActiveCfg = Debug|Any CPU
		{FC16D45F-A9DB-42B8-843B-D0E38C26A592}.Debug|Any CPU.Build.0 = Debug|Any CPU
		{FC16D45F-A9DB-42B8-843B-D0E38C26A592}.Release|Any CPU.ActiveCfg = Release|Any CPU
		{FC16D45F-A9DB-42B8-843B-D0E38C26A592}.Release|Any CPU.Build.0 = Release|Any CPU
		{6C035B8B-8A70-499F-81A7-626A86BE986A}.Debug|Any CPU.ActiveCfg = Debug|Any CPU
		{6C035B8B-8A70-499F-81A7-626A86BE986A}.Debug|Any CPU.Build.0 = Debug|Any CPU
		{6C035B8B-8A70-499F-81A7-626A86BE986A}.Release|Any CPU.ActiveCfg = Release|Any CPU
		{6C035B8B-8A70-499F-81A7-626A86BE986A}.Release|Any CPU.Build.0 = Release|Any CPU
		{45EC04A6-952C-4D88-B9B3-7CDF12E84136}.Debug|Any CPU.ActiveCfg = Debug|Any CPU
		{45EC04A6-952C-4D88-B9B3-7CDF12E84136}.Debug|Any CPU.Build.0 = Debug|Any CPU
		{45EC04A6-952C-4D88-B9B3-7CDF12E84136}.Release|Any CPU.ActiveCfg = Release|Any CPU
		{45EC04A6-952C-4D88-B9B3-7CDF12E84136}.Release|Any CPU.Build.0 = Release|Any CPU
	EndGlobalSection
	GlobalSection(SolutionProperties) = preSolution
		HideSolutionNode = FALSE
	EndGlobalSection
EndGlobal
