
Microsoft Visual Studio Solution File, Format Version 12.00
# Visual Studio 15
VisualStudioVersion = 15.0.27004.2006
MinimumVisualStudioVersion = 10.0.40219.1
Project("{FAE04EC0-301F-11D3-BF4B-00C04F79EFBC}") = "TeamBuilder.App", "ConsoleApp1\TeamBuilder.App.csproj", "{89FA3BF5-0789-4B01-BD55-27DB1CCBBE7E}"
EndProject
Project("{FAE04EC0-301F-11D3-BF4B-00C04F79EFBC}") = "TeamBuilder.Data", "TeamBuilder.Data\TeamBuilder.Data.csproj", "{1E11F734-DBD1-4CF3-A71A-A4204A35838A}"
EndProject
Project("{FAE04EC0-301F-11D3-BF4B-00C04F79EFBC}") = "TeamBuilder.Models", "TeamBuilder.Models\TeamBuilder.Models.csproj", "{EC9FDAFF-36DA-41DB-BF19-2604ECE1932D}"
EndProject
Global
	GlobalSection(SolutionConfigurationPlatforms) = preSolution
		Debug|Any CPU = Debug|Any CPU
		Release|Any CPU = Release|Any CPU
	EndGlobalSection
	GlobalSection(ProjectConfigurationPlatforms) = postSolution
		{89FA3BF5-0789-4B01-BD55-27DB1CCBBE7E}.Debug|Any CPU.ActiveCfg = Debug|Any CPU
		{89FA3BF5-0789-4B01-BD55-27DB1CCBBE7E}.Debug|Any CPU.Build.0 = Debug|Any CPU
		{89FA3BF5-0789-4B01-BD55-27DB1CCBBE7E}.Release|Any CPU.ActiveCfg = Release|Any CPU
		{89FA3BF5-0789-4B01-BD55-27DB1CCBBE7E}.Release|Any CPU.Build.0 = Release|Any CPU
		{1E11F734-DBD1-4CF3-A71A-A4204A35838A}.Debug|Any CPU.ActiveCfg = Debug|Any CPU
		{1E11F734-DBD1-4CF3-A71A-A4204A35838A}.Debug|Any CPU.Build.0 = Debug|Any CPU
		{1E11F734-DBD1-4CF3-A71A-A4204A35838A}.Release|Any CPU.ActiveCfg = Release|Any CPU
		{1E11F734-DBD1-4CF3-A71A-A4204A35838A}.Release|Any CPU.Build.0 = Release|Any CPU
		{EC9FDAFF-36DA-41DB-BF19-2604ECE1932D}.Debug|Any CPU.ActiveCfg = Debug|Any CPU
		{EC9FDAFF-36DA-41DB-BF19-2604ECE1932D}.Debug|Any CPU.Build.0 = Debug|Any CPU
		{EC9FDAFF-36DA-41DB-BF19-2604ECE1932D}.Release|Any CPU.ActiveCfg = Release|Any CPU
		{EC9FDAFF-36DA-41DB-BF19-2604ECE1932D}.Release|Any CPU.Build.0 = Release|Any CPU
	EndGlobalSection
	GlobalSection(SolutionProperties) = preSolution
		HideSolutionNode = FALSE
	EndGlobalSection
	GlobalSection(ExtensibilityGlobals) = postSolution
		SolutionGuid = {557AAC57-2F9B-4AB5-BC90-999DD7AAAA20}
	EndGlobalSection
EndGlobal
